// !$*UTF8*$!
{
	archiveVersion = 1;
	classes = {
	};
	objectVersion = 46;
	objects = {

/* Begin PBXBuildFile section */
		0273BD121DBEF1EA000C2B3A /* PunchcardView.swift in Sources */ = {isa = PBXBuildFile; fileRef = 0273BD0F1DBEF1EA000C2B3A /* PunchcardView.swift */; };
		0273BD131DBEF1EA000C2B3A /* PunchView.swift in Sources */ = {isa = PBXBuildFile; fileRef = 0273BD101DBEF1EA000C2B3A /* PunchView.swift */; };
		0273BD141DBEF1EA000C2B3A /* RewardView.swift in Sources */ = {isa = PBXBuildFile; fileRef = 0273BD111DBEF1EA000C2B3A /* RewardView.swift */; };
		02D8B1DC1DAC304300AB8BFF /* AppDelegate.swift in Sources */ = {isa = PBXBuildFile; fileRef = 02D8B1DB1DAC304300AB8BFF /* AppDelegate.swift */; };
		02D8B1DE1DAC304300AB8BFF /* ViewController.swift in Sources */ = {isa = PBXBuildFile; fileRef = 02D8B1DD1DAC304300AB8BFF /* ViewController.swift */; };
		02D8B1E11DAC304300AB8BFF /* Main.storyboard in Resources */ = {isa = PBXBuildFile; fileRef = 02D8B1DF1DAC304300AB8BFF /* Main.storyboard */; };
		02D8B1E31DAC304300AB8BFF /* Assets.xcassets in Resources */ = {isa = PBXBuildFile; fileRef = 02D8B1E21DAC304300AB8BFF /* Assets.xcassets */; };
		02D8B1E61DAC304300AB8BFF /* LaunchScreen.storyboard in Resources */ = {isa = PBXBuildFile; fileRef = 02D8B1E41DAC304300AB8BFF /* LaunchScreen.storyboard */; };
		02D8B1F11DAC304400AB8BFF /* PunchcardTests.swift in Sources */ = {isa = PBXBuildFile; fileRef = 02D8B1F01DAC304400AB8BFF /* PunchcardTests.swift */; };
		032C526C1E4242AB00DC6DDC /* UIView+AutoLayout.swift in Sources */ = {isa = PBXBuildFile; fileRef = 032C526B1E4242AB00DC6DDC /* UIView+AutoLayout.swift */; };
/* End PBXBuildFile section */

/* Begin PBXContainerItemProxy section */
		02D8B1ED1DAC304400AB8BFF /* PBXContainerItemProxy */ = {
			isa = PBXContainerItemProxy;
			containerPortal = 02D8B1D01DAC304300AB8BFF /* Project object */;
			proxyType = 1;
			remoteGlobalIDString = 02D8B1D71DAC304300AB8BFF;
			remoteInfo = Punchcard;
		};
/* End PBXContainerItemProxy section */

/* Begin PBXFileReference section */
		0273BD0F1DBEF1EA000C2B3A /* PunchcardView.swift */ = {isa = PBXFileReference; fileEncoding = 4; lastKnownFileType = sourcecode.swift; path = PunchcardView.swift; sourceTree = "<group>"; };
		0273BD101DBEF1EA000C2B3A /* PunchView.swift */ = {isa = PBXFileReference; fileEncoding = 4; lastKnownFileType = sourcecode.swift; path = PunchView.swift; sourceTree = "<group>"; };
		0273BD111DBEF1EA000C2B3A /* RewardView.swift */ = {isa = PBXFileReference; fileEncoding = 4; lastKnownFileType = sourcecode.swift; path = RewardView.swift; sourceTree = "<group>"; };
		02D8B1D81DAC304300AB8BFF /* Punchcard.app */ = {isa = PBXFileReference; explicitFileType = wrapper.application; includeInIndex = 0; path = Punchcard.app; sourceTree = BUILT_PRODUCTS_DIR; };
		02D8B1DB1DAC304300AB8BFF /* AppDelegate.swift */ = {isa = PBXFileReference; lastKnownFileType = sourcecode.swift; path = AppDelegate.swift; sourceTree = "<group>"; };
		02D8B1DD1DAC304300AB8BFF /* ViewController.swift */ = {isa = PBXFileReference; lastKnownFileType = sourcecode.swift; path = ViewController.swift; sourceTree = "<group>"; };
		02D8B1E01DAC304300AB8BFF /* Base */ = {isa = PBXFileReference; lastKnownFileType = file.storyboard; name = Base; path = Base.lproj/Main.storyboard; sourceTree = "<group>"; };
		02D8B1E21DAC304300AB8BFF /* Assets.xcassets */ = {isa = PBXFileReference; lastKnownFileType = folder.assetcatalog; path = Assets.xcassets; sourceTree = "<group>"; };
		02D8B1E51DAC304300AB8BFF /* Base */ = {isa = PBXFileReference; lastKnownFileType = file.storyboard; name = Base; path = Base.lproj/LaunchScreen.storyboard; sourceTree = "<group>"; };
		02D8B1E71DAC304300AB8BFF /* Info.plist */ = {isa = PBXFileReference; lastKnownFileType = text.plist.xml; path = Info.plist; sourceTree = "<group>"; };
		02D8B1EC1DAC304400AB8BFF /* PunchcardTests.xctest */ = {isa = PBXFileReference; explicitFileType = wrapper.cfbundle; includeInIndex = 0; path = PunchcardTests.xctest; sourceTree = BUILT_PRODUCTS_DIR; };
		02D8B1F01DAC304400AB8BFF /* PunchcardTests.swift */ = {isa = PBXFileReference; lastKnownFileType = sourcecode.swift; path = PunchcardTests.swift; sourceTree = "<group>"; };
		02D8B1F21DAC304400AB8BFF /* Info.plist */ = {isa = PBXFileReference; lastKnownFileType = text.plist.xml; path = Info.plist; sourceTree = "<group>"; };
		032C526B1E4242AB00DC6DDC /* UIView+AutoLayout.swift */ = {isa = PBXFileReference; fileEncoding = 4; lastKnownFileType = sourcecode.swift; path = "UIView+AutoLayout.swift"; sourceTree = "<group>"; };
/* End PBXFileReference section */

/* Begin PBXFrameworksBuildPhase section */
		02D8B1D51DAC304300AB8BFF /* Frameworks */ = {
			isa = PBXFrameworksBuildPhase;
			buildActionMask = 2147483647;
			files = (
			);
			runOnlyForDeploymentPostprocessing = 0;
		};
		02D8B1E91DAC304400AB8BFF /* Frameworks */ = {
			isa = PBXFrameworksBuildPhase;
			buildActionMask = 2147483647;
			files = (
			);
			runOnlyForDeploymentPostprocessing = 0;
		};
/* End PBXFrameworksBuildPhase section */

/* Begin PBXGroup section */
		0273BD0E1DBEF1EA000C2B3A /* Source */ = {
			isa = PBXGroup;
			children = (
				0273BD0F1DBEF1EA000C2B3A /* PunchcardView.swift */,
				0273BD101DBEF1EA000C2B3A /* PunchView.swift */,
				0273BD111DBEF1EA000C2B3A /* RewardView.swift */,
				032C526B1E4242AB00DC6DDC /* UIView+AutoLayout.swift */,
			);
			name = Source;
			path = ../Source;
			sourceTree = "<group>";
		};
		02D8B1CF1DAC304300AB8BFF = {
			isa = PBXGroup;
			children = (
				02D8B1DA1DAC304300AB8BFF /* Punchcard */,
				02D8B1EF1DAC304400AB8BFF /* PunchcardTests */,
				02D8B1D91DAC304300AB8BFF /* Products */,
			);
			sourceTree = "<group>";
		};
		02D8B1D91DAC304300AB8BFF /* Products */ = {
			isa = PBXGroup;
			children = (
				02D8B1D81DAC304300AB8BFF /* Punchcard.app */,
				02D8B1EC1DAC304400AB8BFF /* PunchcardTests.xctest */,
			);
			name = Products;
			sourceTree = "<group>";
		};
		02D8B1DA1DAC304300AB8BFF /* Punchcard */ = {
			isa = PBXGroup;
			children = (
				0273BD0E1DBEF1EA000C2B3A /* Source */,
				02D8B1DB1DAC304300AB8BFF /* AppDelegate.swift */,
				02D8B1DD1DAC304300AB8BFF /* ViewController.swift */,
				02D8B1DF1DAC304300AB8BFF /* Main.storyboard */,
				02D8B1E21DAC304300AB8BFF /* Assets.xcassets */,
				02D8B1E41DAC304300AB8BFF /* LaunchScreen.storyboard */,
				02D8B1E71DAC304300AB8BFF /* Info.plist */,
			);
			path = Punchcard;
			sourceTree = "<group>";
		};
		02D8B1EF1DAC304400AB8BFF /* PunchcardTests */ = {
			isa = PBXGroup;
			children = (
				02D8B1F01DAC304400AB8BFF /* PunchcardTests.swift */,
				02D8B1F21DAC304400AB8BFF /* Info.plist */,
			);
			path = PunchcardTests;
			sourceTree = "<group>";
		};
/* End PBXGroup section */

/* Begin PBXNativeTarget section */
		02D8B1D71DAC304300AB8BFF /* Punchcard */ = {
			isa = PBXNativeTarget;
			buildConfigurationList = 02D8B1F51DAC304400AB8BFF /* Build configuration list for PBXNativeTarget "Punchcard" */;
			buildPhases = (
				02D8B1D41DAC304300AB8BFF /* Sources */,
				02D8B1D51DAC304300AB8BFF /* Frameworks */,
				02D8B1D61DAC304300AB8BFF /* Resources */,
			);
			buildRules = (
			);
			dependencies = (
			);
			name = Punchcard;
			productName = Punchcard;
			productReference = 02D8B1D81DAC304300AB8BFF /* Punchcard.app */;
			productType = "com.apple.product-type.application";
		};
		02D8B1EB1DAC304400AB8BFF /* PunchcardTests */ = {
			isa = PBXNativeTarget;
			buildConfigurationList = 02D8B1F81DAC304400AB8BFF /* Build configuration list for PBXNativeTarget "PunchcardTests" */;
			buildPhases = (
				02D8B1E81DAC304400AB8BFF /* Sources */,
				02D8B1E91DAC304400AB8BFF /* Frameworks */,
				02D8B1EA1DAC304400AB8BFF /* Resources */,
			);
			buildRules = (
			);
			dependencies = (
				02D8B1EE1DAC304400AB8BFF /* PBXTargetDependency */,
			);
			name = PunchcardTests;
			productName = PunchcardTests;
			productReference = 02D8B1EC1DAC304400AB8BFF /* PunchcardTests.xctest */;
			productType = "com.apple.product-type.bundle.unit-test";
		};
/* End PBXNativeTarget section */

/* Begin PBXProject section */
		02D8B1D01DAC304300AB8BFF /* Project object */ = {
			isa = PBXProject;
			attributes = {
				LastSwiftUpdateCheck = 0730;
				LastUpgradeCheck = 0810;
				ORGANIZATIONNAME = StockX;
				TargetAttributes = {
					02D8B1D71DAC304300AB8BFF = {
						CreatedOnToolsVersion = 7.3.1;
						LastSwiftMigration = 0810;
					};
					02D8B1EB1DAC304400AB8BFF = {
						CreatedOnToolsVersion = 7.3.1;
						LastSwiftMigration = 0810;
						TestTargetID = 02D8B1D71DAC304300AB8BFF;
					};
				};
			};
			buildConfigurationList = 02D8B1D31DAC304300AB8BFF /* Build configuration list for PBXProject "Punchcard" */;
			compatibilityVersion = "Xcode 3.2";
			developmentRegion = English;
			hasScannedForEncodings = 0;
			knownRegions = (
				en,
				Base,
			);
			mainGroup = 02D8B1CF1DAC304300AB8BFF;
			productRefGroup = 02D8B1D91DAC304300AB8BFF /* Products */;
			projectDirPath = "";
			projectRoot = "";
			targets = (
				02D8B1D71DAC304300AB8BFF /* Punchcard */,
				02D8B1EB1DAC304400AB8BFF /* PunchcardTests */,
			);
		};
/* End PBXProject section */

/* Begin PBXResourcesBuildPhase section */
		02D8B1D61DAC304300AB8BFF /* Resources */ = {
			isa = PBXResourcesBuildPhase;
			buildActionMask = 2147483647;
			files = (
				02D8B1E61DAC304300AB8BFF /* LaunchScreen.storyboard in Resources */,
				02D8B1E31DAC304300AB8BFF /* Assets.xcassets in Resources */,
				02D8B1E11DAC304300AB8BFF /* Main.storyboard in Resources */,
			);
			runOnlyForDeploymentPostprocessing = 0;
		};
		02D8B1EA1DAC304400AB8BFF /* Resources */ = {
			isa = PBXResourcesBuildPhase;
			buildActionMask = 2147483647;
			files = (
			);
			runOnlyForDeploymentPostprocessing = 0;
		};
/* End PBXResourcesBuildPhase section */

/* Begin PBXSourcesBuildPhase section */
		02D8B1D41DAC304300AB8BFF /* Sources */ = {
			isa = PBXSourcesBuildPhase;
			buildActionMask = 2147483647;
			files = (
				02D8B1DE1DAC304300AB8BFF /* ViewController.swift in Sources */,
				032C526C1E4242AB00DC6DDC /* UIView+AutoLayout.swift in Sources */,
				02D8B1DC1DAC304300AB8BFF /* AppDelegate.swift in Sources */,
				0273BD121DBEF1EA000C2B3A /* PunchcardView.swift in Sources */,
				0273BD141DBEF1EA000C2B3A /* RewardView.swift in Sources */,
				0273BD131DBEF1EA000C2B3A /* PunchView.swift in Sources */,
			);
			runOnlyForDeploymentPostprocessing = 0;
		};
		02D8B1E81DAC304400AB8BFF /* Sources */ = {
			isa = PBXSourcesBuildPhase;
			buildActionMask = 2147483647;
			files = (
				02D8B1F11DAC304400AB8BFF /* PunchcardTests.swift in Sources */,
			);
			runOnlyForDeploymentPostprocessing = 0;
		};
/* End PBXSourcesBuildPhase section */

/* Begin PBXTargetDependency section */
		02D8B1EE1DAC304400AB8BFF /* PBXTargetDependency */ = {
			isa = PBXTargetDependency;
			target = 02D8B1D71DAC304300AB8BFF /* Punchcard */;
			targetProxy = 02D8B1ED1DAC304400AB8BFF /* PBXContainerItemProxy */;
		};
/* End PBXTargetDependency section */

/* Begin PBXVariantGroup section */
		02D8B1DF1DAC304300AB8BFF /* Main.storyboard */ = {
			isa = PBXVariantGroup;
			children = (
				02D8B1E01DAC304300AB8BFF /* Base */,
			);
			name = Main.storyboard;
			sourceTree = "<group>";
		};
		02D8B1E41DAC304300AB8BFF /* LaunchScreen.storyboard */ = {
			isa = PBXVariantGroup;
			children = (
				02D8B1E51DAC304300AB8BFF /* Base */,
			);
			name = LaunchScreen.storyboard;
			sourceTree = "<group>";
		};
/* End PBXVariantGroup section */

/* Begin XCBuildConfiguration section */
		02D8B1F31DAC304400AB8BFF /* Debug */ = {
			isa = XCBuildConfiguration;
			buildSettings = {
				ALWAYS_SEARCH_USER_PATHS = NO;
				CLANG_ANALYZER_NONNULL = YES;
				CLANG_CXX_LANGUAGE_STANDARD = "gnu++0x";
				CLANG_CXX_LIBRARY = "libc++";
				CLANG_ENABLE_MODULES = YES;
				CLANG_ENABLE_OBJC_ARC = YES;
				CLANG_WARN_BOOL_CONVERSION = YES;
				CLANG_WARN_CONSTANT_CONVERSION = YES;
				CLANG_WARN_DIRECT_OBJC_ISA_USAGE = YES_ERROR;
				CLANG_WARN_EMPTY_BODY = YES;
				CLANG_WARN_ENUM_CONVERSION = YES;
				CLANG_WARN_INFINITE_RECURSION = YES;
				CLANG_WARN_INT_CONVERSION = YES;
				CLANG_WARN_OBJC_ROOT_CLASS = YES_ERROR;
				CLANG_WARN_SUSPICIOUS_MOVE = YES;
				CLANG_WARN_UNREACHABLE_CODE = YES;
				CLANG_WARN__DUPLICATE_METHOD_MATCH = YES;
				"CODE_SIGN_IDENTITY[sdk=iphoneos*]" = "iPhone Developer";
				COPY_PHASE_STRIP = NO;
				DEBUG_INFORMATION_FORMAT = dwarf;
				ENABLE_STRICT_OBJC_MSGSEND = YES;
				ENABLE_TESTABILITY = YES;
				GCC_C_LANGUAGE_STANDARD = gnu99;
				GCC_DYNAMIC_NO_PIC = NO;
				GCC_NO_COMMON_BLOCKS = YES;
				GCC_OPTIMIZATION_LEVEL = 0;
				GCC_PREPROCESSOR_DEFINITIONS = (
					"DEBUG=1",
					"$(inherited)",
				);
				GCC_WARN_64_TO_32_BIT_CONVERSION = YES;
				GCC_WARN_ABOUT_RETURN_TYPE = YES_ERROR;
				GCC_WARN_UNDECLARED_SELECTOR = YES;
				GCC_WARN_UNINITIALIZED_AUTOS = YES_AGGRESSIVE;
				GCC_WARN_UNUSED_FUNCTION = YES;
				GCC_WARN_UNUSED_VARIABLE = YES;
				IPHONEOS_DEPLOYMENT_TARGET = 9.3;
				MTL_ENABLE_DEBUG_INFO = YES;
				ONLY_ACTIVE_ARCH = YES;
				SDKROOT = iphoneos;
				SWIFT_OPTIMIZATION_LEVEL = "-Onone";
				TARGETED_DEVICE_FAMILY = "1,2";
			};
			name = Debug;
		};
		02D8B1F41DAC304400AB8BFF /* Release */ = {
			isa = XCBuildConfiguration;
			buildSettings = {
				ALWAYS_SEARCH_USER_PATHS = NO;
				CLANG_ANALYZER_NONNULL = YES;
				CLANG_CXX_LANGUAGE_STANDARD = "gnu++0x";
				CLANG_CXX_LIBRARY = "libc++";
				CLANG_ENABLE_MODULES = YES;
				CLANG_ENABLE_OBJC_ARC = YES;
				CLANG_WARN_BOOL_CONVERSION = YES;
				CLANG_WARN_CONSTANT_CONVERSION = YES;
				CLANG_WARN_DIRECT_OBJC_ISA_USAGE = YES_ERROR;
				CLANG_WARN_EMPTY_BODY = YES;
				CLANG_WARN_ENUM_CONVERSION = YES;
				CLANG_WARN_INFINITE_RECURSION = YES;
				CLANG_WARN_INT_CONVERSION = YES;
				CLANG_WARN_OBJC_ROOT_CLASS = YES_ERROR;
				CLANG_WARN_SUSPICIOUS_MOVE = YES;
				CLANG_WARN_UNREACHABLE_CODE = YES;
				CLANG_WARN__DUPLICATE_METHOD_MATCH = YES;
				"CODE_SIGN_IDENTITY[sdk=iphoneos*]" = "iPhone Developer";
				COPY_PHASE_STRIP = NO;
				DEBUG_INFORMATION_FORMAT = "dwarf-with-dsym";
				ENABLE_NS_ASSERTIONS = NO;
				ENABLE_STRICT_OBJC_MSGSEND = YES;
				GCC_C_LANGUAGE_STANDARD = gnu99;
				GCC_NO_COMMON_BLOCKS = YES;
				GCC_WARN_64_TO_32_BIT_CONVERSION = YES;
				GCC_WARN_ABOUT_RETURN_TYPE = YES_ERROR;
				GCC_WARN_UNDECLARED_SELECTOR = YES;
				GCC_WARN_UNINITIALIZED_AUTOS = YES_AGGRESSIVE;
				GCC_WARN_UNUSED_FUNCTION = YES;
				GCC_WARN_UNUSED_VARIABLE = YES;
				IPHONEOS_DEPLOYMENT_TARGET = 9.3;
				MTL_ENABLE_DEBUG_INFO = NO;
				SDKROOT = iphoneos;
				SWIFT_OPTIMIZATION_LEVEL = "-Owholemodule";
				TARGETED_DEVICE_FAMILY = "1,2";
				VALIDATE_PRODUCT = YES;
			};
			name = Release;
		};
		02D8B1F61DAC304400AB8BFF /* Debug */ = {
			isa = XCBuildConfiguration;
			buildSettings = {
				ALWAYS_EMBED_SWIFT_STANDARD_LIBRARIES = YES;
				ASSETCATALOG_COMPILER_APPICON_NAME = AppIcon;
				INFOPLIST_FILE = Punchcard/Info.plist;
				LD_RUNPATH_SEARCH_PATHS = "$(inherited) @executable_path/Frameworks";
				PRODUCT_BUNDLE_IDENTIFIER = stockx.Punchcard;
				PRODUCT_NAME = "$(TARGET_NAME)";
				SWIFT_VERSION = 3.0;
			};
			name = Debug;
		};
		02D8B1F71DAC304400AB8BFF /* Release */ = {
			isa = XCBuildConfiguration;
			buildSettings = {
				ALWAYS_EMBED_SWIFT_STANDARD_LIBRARIES = YES;
				ASSETCATALOG_COMPILER_APPICON_NAME = AppIcon;
				INFOPLIST_FILE = Punchcard/Info.plist;
				LD_RUNPATH_SEARCH_PATHS = "$(inherited) @executable_path/Frameworks";
				PRODUCT_BUNDLE_IDENTIFIER = stockx.Punchcard;
				PRODUCT_NAME = "$(TARGET_NAME)";
				SWIFT_VERSION = 3.0;
			};
			name = Release;
		};
		02D8B1F91DAC304400AB8BFF /* Debug */ = {
			isa = XCBuildConfiguration;
			buildSettings = {
				BUNDLE_LOADER = "$(TEST_HOST)";
				INFOPLIST_FILE = PunchcardTests/Info.plist;
				LD_RUNPATH_SEARCH_PATHS = "$(inherited) @executable_path/Frameworks @loader_path/Frameworks";
				PRODUCT_BUNDLE_IDENTIFIER = stockx.PunchcardTests;
				PRODUCT_NAME = "$(TARGET_NAME)";
				SWIFT_VERSION = 3.0;
				TEST_HOST = "$(BUILT_PRODUCTS_DIR)/Punchcard.app/Punchcard";
			};
			name = Debug;
		};
		02D8B1FA1DAC304400AB8BFF /* Release */ = {
			isa = XCBuildConfiguration;
			buildSettings = {
				BUNDLE_LOADER = "$(TEST_HOST)";
				INFOPLIST_FILE = PunchcardTests/Info.plist;
				LD_RUNPATH_SEARCH_PATHS = "$(inherited) @executable_path/Frameworks @loader_path/Frameworks";
				PRODUCT_BUNDLE_IDENTIFIER = stockx.PunchcardTests;
				PRODUCT_NAME = "$(TARGET_NAME)";
				SWIFT_VERSION = 3.0;
				TEST_HOST = "$(BUILT_PRODUCTS_DIR)/Punchcard.app/Punchcard";
			};
			name = Release;
		};
/* End XCBuildConfiguration section */

/* Begin XCConfigurationList section */
		02D8B1D31DAC304300AB8BFF /* Build configuration list for PBXProject "Punchcard" */ = {
			isa = XCConfigurationList;
			buildConfigurations = (
				02D8B1F31DAC304400AB8BFF /* Debug */,
				02D8B1F41DAC304400AB8BFF /* Release */,
			);
			defaultConfigurationIsVisible = 0;
			defaultConfigurationName = Release;
		};
		02D8B1F51DAC304400AB8BFF /* Build configuration list for PBXNativeTarget "Punchcard" */ = {
			isa = XCConfigurationList;
			buildConfigurations = (
				02D8B1F61DAC304400AB8BFF /* Debug */,
				02D8B1F71DAC304400AB8BFF /* Release */,
			);
			defaultConfigurationIsVisible = 0;
			defaultConfigurationName = Release;
		};
		02D8B1F81DAC304400AB8BFF /* Build configuration list for PBXNativeTarget "PunchcardTests" */ = {
			isa = XCConfigurationList;
			buildConfigurations = (
				02D8B1F91DAC304400AB8BFF /* Debug */,
				02D8B1FA1DAC304400AB8BFF /* Release */,
			);
			defaultConfigurationIsVisible = 0;
			defaultConfigurationName = Release;
		};
/* End XCConfigurationList section */
	};
	rootObject = 02D8B1D01DAC304300AB8BFF /* Project object */;
}
